
Microsoft Visual Studio Solution File, Format Version 12.00
# Visual Studio 15
Project("{FAE04EC0-301F-11D3-BF4B-00C04F79EFBC}") = "Assembly-CSharp", "Assembly-CSharp.csproj", "{2CCFD211-ED8C-EFC1-DF4E-8CBD074A50B5}"
EndProject
Project("{FAE04EC0-301F-11D3-BF4B-00C04F79EFBC}") = "Assembly-CSharp-Editor", "Assembly-CSharp-Editor.csproj", "{5007449E-B98E-1DA8-6457-1B8F3166E66D}"
EndProject
Global
	GlobalSection(SolutionConfigurationPlatforms) = preSolution
		Debug|Any CPU = Debug|Any CPU
		Release|Any CPU = Release|Any CPU
	EndGlobalSection
	GlobalSection(ProjectConfigurationPlatforms) = postSolution
		{2CCFD211-ED8C-EFC1-DF4E-8CBD074A50B5}.Debug|Any CPU.ActiveCfg = Debug|Any CPU
		{2CCFD211-ED8C-EFC1-DF4E-8CBD074A50B5}.Debug|Any CPU.Build.0 = Debug|Any CPU
		{2CCFD211-ED8C-EFC1-DF4E-8CBD074A50B5}.Release|Any CPU.ActiveCfg = Release|Any CPU
		{2CCFD211-ED8C-EFC1-DF4E-8CBD074A50B5}.Release|Any CPU.Build.0 = Release|Any CPU
		{5007449E-B98E-1DA8-6457-1B8F3166E66D}.Debug|Any CPU.ActiveCfg = Debug|Any CPU
		{5007449E-B98E-1DA8-6457-1B8F3166E66D}.Debug|Any CPU.Build.0 = Debug|Any CPU
		{5007449E-B98E-1DA8-6457-1B8F3166E66D}.Release|Any CPU.ActiveCfg = Release|Any CPU
		{5007449E-B98E-1DA8-6457-1B8F3166E66D}.Release|Any CPU.Build.0 = Release|Any CPU
	EndGlobalSection
	GlobalSection(SolutionProperties) = preSolution
		HideSolutionNode = FALSE
	EndGlobalSection
EndGlobal
